<?xml version="1.0" encoding="utf-8"?>
<Project ToolsVersion="4.0" xmlns="http://schemas.microsoft.com/developer/msbuild/2003">
  <ItemGroup>
    <Filter Include="Classes">
      <UniqueIdentifier>{8e8d24ae-f0bf-4613-a020-b6f67509367c}</UniqueIdentifier>
    </Filter>
    <Filter Include="Classes\Map">
      <UniqueIdentifier>{b99a396a-2ecf-4425-aae8-85e79ec9bcd7}</UniqueIdentifier>
    </Filter>
    <Filter Include="Classes\Npc">
      <UniqueIdentifier>{6a90c18d-7630-40a9-aaa9-9c5cb01b37a7}</UniqueIdentifier>
    </Filter>
    <Filter Include="Classes\Player">
      <UniqueIdentifier>{2c4192af-e5cd-4d38-8e59-2ad28bfe964c}</UniqueIdentifier>
    </Filter>
    <Filter Include="Classes\Scene">
      <UniqueIdentifier>{11c9042c-3196-4a5c-9ce5-4eb8f3851c8f}</UniqueIdentifier>
    </Filter>
    <Filter Include="resource">
      <UniqueIdentifier>{a1762975-6d47-4910-9f7c-46bf6266d6de}</UniqueIdentifier>
    </Filter>
    <Filter Include="win32">
      <UniqueIdentifier>{f4e02088-0dc5-4829-8539-65f715748d24}</UniqueIdentifier>
    </Filter>
    <Filter Include="Classes\Tool">
      <UniqueIdentifier>{6cb58ea4-24a9-46c8-aa5a-1b42cfa65e10}</UniqueIdentifier>
    </Filter>
    <Filter Include="Classes\Constant">
      <UniqueIdentifier>{1a482286-62fb-4cc2-bd0c-ab1bc931c897}</UniqueIdentifier>
    </Filter>
    <Filter Include="Classes\Bag">
      <UniqueIdentifier>{06989d12-6464-4fd5-95c1-39395af0da09}</UniqueIdentifier>
    </Filter>
    <Filter Include="Classes\CommunityEvent">
      <UniqueIdentifier>{e3e616ec-cbf2-4671-8c5c-7dcb42115aae}</UniqueIdentifier>
    </Filter>
    <Filter Include="Classes\Fesitval">
      <UniqueIdentifier>{ff64ee16-628b-49ba-9e42-bd3f20d3ce36}</UniqueIdentifier>
    </Filter>
    <Filter Include="Classes\DateManage">
      <UniqueIdentifier>{4f964f1a-0018-41e5-ba16-2ef2a2c5c5d1}</UniqueIdentifier>
    </Filter>
  </ItemGroup>
  <ItemGroup>
    <ClCompile Include="..\Classes\Map\FarmMap.cpp">
      <Filter>Classes\Map</Filter>
    </ClCompile>
    <ClCompile Include="..\Classes\Npc\Npc.cpp">
      <Filter>Classes\Npc</Filter>
    </ClCompile>
    <ClCompile Include="..\Classes\Player\Player.cpp">
      <Filter>Classes\Player</Filter>
    </ClCompile>
    <ClCompile Include="..\Classes\Scene\AppDelegate.cpp">
      <Filter>Classes\Scene</Filter>
    </ClCompile>
    <ClCompile Include="..\Classes\Scene\CooperationScene.cpp">
      <Filter>Classes\Scene</Filter>
    </ClCompile>
    <ClCompile Include="..\Classes\Scene\FarmScene.cpp">
      <Filter>Classes\Scene</Filter>
    </ClCompile>
    <ClCompile Include="..\Classes\Scene\NewGameScene.cpp">
      <Filter>Classes\Scene</Filter>
    </ClCompile>
    <ClCompile Include="..\Classes\Scene\WelcomeScene.cpp">
      <Filter>Classes\Scene</Filter>
    </ClCompile>
    <ClCompile Include="main.cpp">
      <Filter>win32</Filter>
    </ClCompile>
    <ClCompile Include="..\Classes\Tool\Axe.cpp">
      <Filter>Classes\Tool</Filter>
    </ClCompile>
    <ClCompile Include="..\Classes\Tool\Tool.cpp">
      <Filter>Classes\Tool</Filter>
    </ClCompile>
    <ClCompile Include="..\Classes\Map\Crop.cpp">
      <Filter>Classes\Map</Filter>
    </ClCompile>
    <ClCompile Include="..\Classes\Map\TileType.cpp">
      <Filter>Classes\Map</Filter>
    </ClCompile>
    <ClCompile Include="..\Classes\Tool\Pickaxe.cpp">
      <Filter>Classes\Tool</Filter>
    </ClCompile>
    <ClCompile Include="..\Classes\Bag\Bag.cpp">
      <Filter>Classes\Bag</Filter>
    </ClCompile>
    <ClCompile Include="..\Classes\CommunityEvent\CommunityEvent.cpp">
      <Filter>Classes\CommunityEvent</Filter>
    </ClCompile>
    <ClCompile Include="..\Classes\Festival\Festival.cpp">
      <Filter>Classes\Fesitval</Filter>
    </ClCompile>
    <ClCompile Include="..\Classes\DateManage\DateManage.cpp">
      <Filter>Classes\DateManage</Filter>
    </ClCompile>
    <ClCompile Include="..\Classes\Map\Entity.cpp">
      <Filter>Classes\Map</Filter>
    </ClCompile>
    <ClCompile Include="..\Classes\Map\Animal.cpp">
      <Filter>Classes\Map</Filter>
    </ClCompile>
    <ClCompile Include="..\Classes\Tool\Hoe.cpp">
      <Filter>Classes\Tool</Filter>
    </ClCompile>
  </ItemGroup>
  <ItemGroup>
    <ClInclude Include="..\Classes\Map\FarmMap.h">
      <Filter>Classes\Map</Filter>
    </ClInclude>
    <ClInclude Include="..\Classes\Npc\Npc.h">
      <Filter>Classes\Npc</Filter>
    </ClInclude>
    <ClInclude Include="..\Classes\Player\Player.h">
      <Filter>Classes\Player</Filter>
    </ClInclude>
    <ClInclude Include="..\Classes\Scene\AppDelegate.h">
      <Filter>Classes\Scene</Filter>
    </ClInclude>
    <ClInclude Include="..\Classes\Scene\CooperationScene.h">
      <Filter>Classes\Scene</Filter>
    </ClInclude>
    <ClInclude Include="..\Classes\Scene\FarmScene.h">
      <Filter>Classes\Scene</Filter>
    </ClInclude>
    <ClInclude Include="..\Classes\Scene\NewGameScene.h">
      <Filter>Classes\Scene</Filter>
    </ClInclude>
    <ClInclude Include="..\Classes\Scene\WelcomeScene.h">
      <Filter>Classes\Scene</Filter>
    </ClInclude>
    <ClInclude Include="main.h">
      <Filter>win32</Filter>
    </ClInclude>
    <ClInclude Include="..\Classes\Tool\Axe.h">
      <Filter>Classes\Tool</Filter>
    </ClInclude>
    <ClInclude Include="..\Classes\Tool\Tool.h">
      <Filter>Classes\Tool</Filter>
    </ClInclude>
    <ClInclude Include="..\Classes\Map\Crop.h">
      <Filter>Classes\Map</Filter>
    </ClInclude>
    <ClInclude Include="..\Classes\Map\FramMap.h">
      <Filter>Classes</Filter>
    </ClInclude>
    <ClInclude Include="..\Classes\Map\TileType.h">
    <ClInclude Include="..\Classes\Map\TileMap.h">
      <Filter>Classes\Map</Filter>
    </ClInclude>
    <ClInclude Include="..\Classes\Constant\Constant.h">
      <Filter>Classes\Constant</Filter>
    </ClInclude>
    <ClInclude Include="..\Classes\Tool\PickAxe.h">
      <Filter>Classes\Tool</Filter>
    </ClInclude>
    <ClInclude Include="..\Classes\Bag\Bag.h">
      <Filter>Classes\Bag</Filter>
    </ClInclude>
    <ClInclude Include="..\Classes\CommunityEvent\CommunityEvent.h">
      <Filter>Classes\CommunityEvent</Filter>
    </ClInclude>
    <ClInclude Include="..\Classes\Festival\Festival.h">
      <Filter>Classes\Fesitval</Filter>
    </ClInclude>
    <ClInclude Include="..\Classes\DateManage\DateManage.h">
      <Filter>Classes\DateManage</Filter>
    </ClInclude>
    <ClInclude Include="..\Classes\Map\Entity.h">
      <Filter>Classes\Map</Filter>
    </ClInclude>
    <ClInclude Include="..\Classes\Map\Animal.h">
      <Filter>Classes\Map</Filter>
    </ClInclude>
    <ClInclude Include="..\Classes\Tool\Hoe.h">
      <Filter>Classes\Tool</Filter>
    </ClInclude>
  </ItemGroup>
  <ItemGroup>
    <ResourceCompile Include="game.rc">
      <Filter>resource</Filter>
    </ResourceCompile>
  </ItemGroup>
</Project>