<?xml version="1.0" encoding="utf-8"?>
<Project ToolsVersion="4.0" xmlns="http://schemas.microsoft.com/developer/msbuild/2003">
  <ItemGroup>
    <Filter Include="Classes">
      <UniqueIdentifier>{8e8d24ae-f0bf-4613-a020-b6f67509367c}</UniqueIdentifier>
    </Filter>
    <Filter Include="Classes\Map">
      <UniqueIdentifier>{b99a396a-2ecf-4425-aae8-85e79ec9bcd7}</UniqueIdentifier>
    </Filter>
    <Filter Include="Classes\Npc">
      <UniqueIdentifier>{6a90c18d-7630-40a9-aaa9-9c5cb01b37a7}</UniqueIdentifier>
    </Filter>
    <Filter Include="Classes\Player">
      <UniqueIdentifier>{2c4192af-e5cd-4d38-8e59-2ad28bfe964c}</UniqueIdentifier>
    </Filter>
    <Filter Include="Classes\Scene">
      <UniqueIdentifier>{11c9042c-3196-4a5c-9ce5-4eb8f3851c8f}</UniqueIdentifier>
    </Filter>
    <Filter Include="resource">
      <UniqueIdentifier>{a1762975-6d47-4910-9f7c-46bf6266d6de}</UniqueIdentifier>
    </Filter>
    <Filter Include="win32">
      <UniqueIdentifier>{f4e02088-0dc5-4829-8539-65f715748d24}</UniqueIdentifier>
    </Filter>
    <Filter Include="Classes\Tool">
      <UniqueIdentifier>{6cb58ea4-24a9-46c8-aa5a-1b42cfa65e10}</UniqueIdentifier>
    </Filter>
    <Filter Include="Classes\Constant">
      <UniqueIdentifier>{1a482286-62fb-4cc2-bd0c-ab1bc931c897}</UniqueIdentifier>
    </Filter>
    <Filter Include="Classes\Bag">
      <UniqueIdentifier>{06989d12-6464-4fd5-95c1-39395af0da09}</UniqueIdentifier>
    </Filter>
    <Filter Include="Classes\CommunityEvent">
      <UniqueIdentifier>{e3e616ec-cbf2-4671-8c5c-7dcb42115aae}</UniqueIdentifier>
    </Filter>
    <Filter Include="Classes\Fesitval">
      <UniqueIdentifier>{ff64ee16-628b-49ba-9e42-bd3f20d3ce36}</UniqueIdentifier>
    </Filter>
    <Filter Include="Classes\Mybutton">
      <UniqueIdentifier>{e19c448f-f1fb-4714-8da8-0eac5346893c}</UniqueIdentifier>
    </Filter>
    <Filter Include="Classes\Control">
      <UniqueIdentifier>{ee7b4a1e-1c73-4786-8428-07bb13a98425}</UniqueIdentifier>
    </Filter>
    <Filter Include="Classes\DialogueBox">
      <UniqueIdentifier>{a9041023-321b-4e55-bc31-71a2baba0979}</UniqueIdentifier>
    </Filter>
    <Filter Include="Classes\Food">
      <UniqueIdentifier>{d4593804-0ee5-4d8b-a27e-5ace6672b7d6}</UniqueIdentifier>
    </Filter>
    <Filter Include="Classes\Item">
      <UniqueIdentifier>{2b8df5e3-73d3-4c1f-a076-cc5a4d866b32}</UniqueIdentifier>
    </Filter>
    <Filter Include="Classes\Skill">
      <UniqueIdentifier>{5174faea-d06c-4d18-8bd6-a88960f2571b}</UniqueIdentifier>
    </Filter>
    <Filter Include="Classes\Animal">
      <UniqueIdentifier>{411d41fe-469e-4620-a920-5dd2f58bfa0c}</UniqueIdentifier>
    </Filter>
    <Filter Include="Classes\Crop">
      <UniqueIdentifier>{27184d04-06b9-4194-bddb-16656a16f18e}</UniqueIdentifier>
    </Filter>
    <Filter Include="Classes\Date">
      <UniqueIdentifier>{4cb170b8-8def-41c8-b51b-49f5baa2f15c}</UniqueIdentifier>
    </Filter>
    <Filter Include="Classes\Weather">
      <UniqueIdentifier>{53eccf92-63c9-4475-9a46-bbf39a3f6181}</UniqueIdentifier>
    </Filter>
    <Filter Include="Classes\Save">
      <UniqueIdentifier>{e24a480e-3605-44aa-a979-0e45a21ef8bc}</UniqueIdentifier>
    </Filter>
    <Filter Include="Classes\Behavior">
      <UniqueIdentifier>{a65a0fa1-db54-4bcd-80d8-1fabfaaf9362}</UniqueIdentifier>
    </Filter>
    <Filter Include="Classes\Market">
      <UniqueIdentifier>{2d8b866f-dd07-4b77-8d7e-88e2c7537e69}</UniqueIdentifier>
    </Filter>
  </ItemGroup>
  <ItemGroup>
    <ClCompile Include="..\Classes\Map\FarmMap.cpp">
      <Filter>Classes\Map</Filter>
    </ClCompile>
    <ClCompile Include="..\Classes\Npc\Npc.cpp">
      <Filter>Classes\Npc</Filter>
    </ClCompile>
    <ClCompile Include="..\Classes\Player\Player.cpp">
      <Filter>Classes\Player</Filter>
    </ClCompile>
    <ClCompile Include="..\Classes\Scene\AppDelegate.cpp">
      <Filter>Classes\Scene</Filter>
    </ClCompile>
    <ClCompile Include="..\Classes\Scene\CooperationScene.cpp">
      <Filter>Classes\Scene</Filter>
    </ClCompile>
    <ClCompile Include="..\Classes\Scene\FarmScene.cpp">
      <Filter>Classes\Scene</Filter>
    </ClCompile>
    <ClCompile Include="..\Classes\Scene\NewGameScene.cpp">
      <Filter>Classes\Scene</Filter>
    </ClCompile>
    <ClCompile Include="..\Classes\Scene\WelcomeScene.cpp">
      <Filter>Classes\Scene</Filter>
    </ClCompile>
    <ClCompile Include="main.cpp">
      <Filter>win32</Filter>
    </ClCompile>
    <ClCompile Include="..\Classes\Tool\Axe.cpp">
      <Filter>Classes\Tool</Filter>
    </ClCompile>
    <ClCompile Include="..\Classes\Tool\Tool.cpp">
      <Filter>Classes\Tool</Filter>
    </ClCompile>
    <ClCompile Include="..\Classes\Tool\Pickaxe.cpp">
      <Filter>Classes\Tool</Filter>
    </ClCompile>
    <ClCompile Include="..\Classes\Bag\Bag.cpp">
      <Filter>Classes\Bag</Filter>
    </ClCompile>
    <ClCompile Include="..\Classes\CommunityEvent\CommunityEvent.cpp">
      <Filter>Classes\CommunityEvent</Filter>
    </ClCompile>
    <ClCompile Include="..\Classes\Festival\Festival.cpp">
      <Filter>Classes\Fesitval</Filter>
    </ClCompile>
    <ClCompile Include="..\Classes\Tool\Hoe.cpp">
      <Filter>Classes\Tool</Filter>
    </ClCompile>
    <ClCompile Include="..\Classes\Map\TileNode.cpp">
      <Filter>Classes\Map</Filter>
    </ClCompile>
    <ClCompile Include="..\Classes\Tool\Kettle.cpp">
      <Filter>Classes\Tool</Filter>
    </ClCompile>
    <ClCompile Include="..\Classes\MyButton\MyButton.cpp">
      <Filter>Classes\Mybutton</Filter>
    </ClCompile>
    <ClCompile Include="..\Classes\Tool\FishingRod.cpp">
      <Filter>Classes\Tool</Filter>
    </ClCompile>
    <ClCompile Include="..\Classes\Tool\Scythe.cpp">
      <Filter>Classes\Tool</Filter>
    </ClCompile>
    <ClCompile Include="..\Classes\Tool\Seed.cpp">
      <Filter>Classes\Tool</Filter>
    </ClCompile>
    <ClCompile Include="..\Classes\Control\Control.cpp">
      <Filter>Classes\Control</Filter>
    </ClCompile>
    <ClCompile Include="..\Classes\DialogueBox\DialogueBox.cpp">
      <Filter>Classes\DialogueBox</Filter>
    </ClCompile>
    <ClCompile Include="..\Classes\Item\Item.cpp">
      <Filter>Classes\Item</Filter>
    </ClCompile>
    <ClCompile Include="..\Classes\Tool\Fertilizer.cpp">
      <Filter>Classes\Tool</Filter>
    </ClCompile>
    <ClCompile Include="..\Classes\Animal\AnimalItem.cpp">
      <Filter>Classes\Animal</Filter>
    </ClCompile>
    <ClCompile Include="..\Classes\Skill\SkillTree.cpp">
      <Filter>Classes\Skill</Filter>
    </ClCompile>
    <ClCompile Include="..\Classes\Skill\Skill.cpp">
      <Filter>Classes\Skill</Filter>
    </ClCompile>
    <ClCompile Include="..\Classes\Skill\SkillTreeUI.cpp">
      <Filter>Classes\Skill</Filter>
    </ClCompile>
    <ClCompile Include="..\Classes\Tool\MilkingPail.cpp">
      <Filter>Classes\Tool</Filter>
    </ClCompile>
    <ClCompile Include="..\Classes\Tool\Agrochemical.cpp">
      <Filter>Classes\Tool</Filter>
    </ClCompile>
    <ClCompile Include="..\Classes\Food\Food.cpp">
      <Filter>Classes\Food</Filter>
    </ClCompile>
    <ClCompile Include="..\Classes\Food\DogbaneFood.cpp">
      <Filter>Classes\Food</Filter>
    </ClCompile>
    <ClCompile Include="..\Classes\Food\CarrotFood.cpp">
      <Filter>Classes\Food</Filter>
    </ClCompile>
    <ClCompile Include="..\Classes\Food\CornFood.cpp">
      <Filter>Classes\Food</Filter>
    </ClCompile>
    <ClCompile Include="..\Classes\Map\BeachMap.cpp">
      <Filter>Classes\Map</Filter>
    </ClCompile>
    <ClCompile Include="..\Classes\Map\SceneMap.cpp">
      <Filter>Classes\Map</Filter>
    </ClCompile>
    <ClCompile Include="..\Classes\Behavior\MovementBehavior .cpp">
      <Filter>Classes\Behavior</Filter>
    </ClCompile>
    <ClCompile Include="..\Classes\Behavior\WanderMovement.cpp">
      <Filter>Classes\Behavior</Filter>
    </ClCompile>
    <ClCompile Include="..\Classes\Behavior\PatrolMovement.cpp">
      <Filter>Classes\Behavior</Filter>
    </ClCompile>
    <ClCompile Include="..\Classes\Market\MarketItem.cpp">
      <Filter>Classes\Market</Filter>
    </ClCompile>
    <ClCompile Include="..\Classes\Market\MarketState.cpp">
      <Filter>Classes\Market</Filter>
    </ClCompile>
    <ClCompile Include="..\Classes\Item\CampFire.cpp">
      <Filter>Classes\Item</Filter>
    </ClCompile>
    <ClCompile Include="..\Classes\Npc\NoticeBoard.cpp">
      <Filter>Classes\Npc</Filter>
    </ClCompile>
    <ClCompile Include="..\Classes\Map\CaveMap.cpp">
      <Filter>Classes\Map</Filter>
    </ClCompile>
    <ClCompile Include="..\Classes\Animal\Animal.cpp">
      <Filter>Classes\Animal</Filter>
    </ClCompile>
    <ClCompile Include="..\Classes\Animal\AnimalManager.cpp">
      <Filter>Classes\Animal</Filter>
    </ClCompile>
    <ClCompile Include="..\Classes\Animal\Chicken.cpp">
      <Filter>Classes\Animal</Filter>
    </ClCompile>
    <ClCompile Include="..\Classes\Animal\Cow.cpp">
      <Filter>Classes\Animal</Filter>
    </ClCompile>
    <ClCompile Include="..\Classes\Animal\Pig.cpp">
      <Filter>Classes\Animal</Filter>
    </ClCompile>
    <ClCompile Include="..\Classes\Animal\Sheep.cpp">
      <Filter>Classes\Animal</Filter>
    </ClCompile>
    <ClCompile Include="..\Classes\Crop\CarrotCrop.cpp">
      <Filter>Classes\Crop</Filter>
    </ClCompile>
    <ClCompile Include="..\Classes\Crop\CornCrop.cpp">
      <Filter>Classes\Crop</Filter>
    </ClCompile>
    <ClCompile Include="..\Classes\Crop\Crop.cpp">
      <Filter>Classes\Crop</Filter>
    </ClCompile>
    <ClCompile Include="..\Classes\Crop\CropManager.cpp">
      <Filter>Classes\Crop</Filter>
    </ClCompile>
    <ClCompile Include="..\Classes\Crop\DogbaneCrop.cpp">
      <Filter>Classes\Crop</Filter>
    </ClCompile>
    <ClCompile Include="..\Classes\Crop\FarmResourceManager.cpp">
      <Filter>Classes\Crop</Filter>
    </ClCompile>
    <ClCompile Include="..\Classes\Date\DateManage.cpp">
      <Filter>Classes\Date</Filter>
    </ClCompile>
    <ClCompile Include="..\Classes\Weather\WeatherManager.cpp">
      <Filter>Classes\Weather</Filter>
    </ClCompile>
    <ClCompile Include="..\Classes\Save\SaveManage.cpp">
      <Filter>Classes\Save</Filter>
    </ClCompile>
    <ClCompile Include="..\Classes\Map\ForestMap.cpp">
      <Filter>Classes\Map</Filter>
    </ClCompile>
  </ItemGroup>
  <ItemGroup>
    <ClInclude Include="..\Classes\Map\FarmMap.h">
      <Filter>Classes\Map</Filter>
    </ClInclude>
    <ClInclude Include="..\Classes\Npc\Npc.h">
      <Filter>Classes\Npc</Filter>
    </ClInclude>
    <ClInclude Include="..\Classes\Player\Player.h">
      <Filter>Classes\Player</Filter>
    </ClInclude>
    <ClInclude Include="..\Classes\Scene\AppDelegate.h">
      <Filter>Classes\Scene</Filter>
    </ClInclude>
    <ClInclude Include="..\Classes\Scene\CooperationScene.h">
      <Filter>Classes\Scene</Filter>
    </ClInclude>
    <ClInclude Include="..\Classes\Scene\FarmScene.h">
      <Filter>Classes\Scene</Filter>
    </ClInclude>
    <ClInclude Include="..\Classes\Scene\NewGameScene.h">
      <Filter>Classes\Scene</Filter>
    </ClInclude>
    <ClInclude Include="..\Classes\Scene\WelcomeScene.h">
      <Filter>Classes\Scene</Filter>
    </ClInclude>
    <ClInclude Include="main.h">
      <Filter>win32</Filter>
    </ClInclude>
    <ClInclude Include="..\Classes\Tool\Axe.h">
      <Filter>Classes\Tool</Filter>
    </ClInclude>
    <ClInclude Include="..\Classes\Tool\Tool.h">
      <Filter>Classes\Tool</Filter>
    </ClInclude>
    <ClInclude Include="..\Classes\Constant\Constant.h">
      <Filter>Classes\Constant</Filter>
    </ClInclude>
    <ClInclude Include="..\Classes\Tool\Pickaxe.h">
      <Filter>Classes\Tool</Filter>
    </ClInclude>
    <ClInclude Include="..\Classes\Bag\Bag.h">
      <Filter>Classes\Bag</Filter>
    </ClInclude>
    <ClInclude Include="..\Classes\CommunityEvent\CommunityEvent.h">
      <Filter>Classes\CommunityEvent</Filter>
    </ClInclude>
    <ClInclude Include="..\Classes\Festival\Festival.h">
      <Filter>Classes\Fesitval</Filter>
    </ClInclude>
    <ClInclude Include="..\Classes\Tool\Hoe.h">
      <Filter>Classes\Tool</Filter>
    </ClInclude>
    <ClInclude Include="..\Classes\Map\TileNode.h">
      <Filter>Classes\Map</Filter>
    </ClInclude>
    <ClInclude Include="..\Classes\Tool\Kettle.h">
      <Filter>Classes\Tool</Filter>
    </ClInclude>
    <ClInclude Include="..\Classes\MyButton\MyButton.h">
      <Filter>Classes\Mybutton</Filter>
    </ClInclude>
    <ClInclude Include="..\Classes\Tool\FishingRod.h">
      <Filter>Classes\Tool</Filter>
    </ClInclude>
    <ClInclude Include="..\Classes\Tool\Scythe.h">
      <Filter>Classes\Tool</Filter>
    </ClInclude>
    <ClInclude Include="..\Classes\Tool\Seed.h">
      <Filter>Classes\Tool</Filter>
    </ClInclude>
    <ClInclude Include="..\Classes\Control\Control.h">
      <Filter>Classes\Control</Filter>
    </ClInclude>
    <ClInclude Include="..\Classes\DialogueBox\DialogueBox.h">
      <Filter>Classes\DialogueBox</Filter>
    </ClInclude>
    <ClInclude Include="..\Classes\Item\Item.h">
      <Filter>Classes\Item</Filter>
    </ClInclude>
    <ClInclude Include="..\Classes\Tool\Fertilizer.h">
      <Filter>Classes\Tool</Filter>
    </ClInclude>
    <ClInclude Include="..\Classes\Animal\AnimalItem.h">
      <Filter>Classes\Animal</Filter>
    </ClInclude>
    <ClInclude Include="..\Classes\Skill\Skill.h">
      <Filter>Classes\Skill</Filter>
    </ClInclude>
    <ClInclude Include="..\Classes\Skill\SkillTree.h">
      <Filter>Classes\Skill</Filter>
    </ClInclude>
    <ClInclude Include="..\Classes\Skill\SkillTreeUI.h">
      <Filter>Classes\Skill</Filter>
    </ClInclude>
    <ClInclude Include="..\Classes\Tool\MilkingPail.h">
      <Filter>Classes\Tool</Filter>
    </ClInclude>
    <ClInclude Include="..\Classes\Tool\Agrochemical.h">
      <Filter>Classes\Tool</Filter>
    </ClInclude>
    <ClInclude Include="..\Classes\Food\Food.h">
      <Filter>Classes\Food</Filter>
    </ClInclude>
    <ClInclude Include="..\Classes\Food\DogbaneFood.h">
      <Filter>Classes\Food</Filter>
    </ClInclude>
    <ClInclude Include="..\Classes\Food\CarrotFood.h">
      <Filter>Classes\Food</Filter>
    </ClInclude>
    <ClInclude Include="..\Classes\Food\CornFood.h">
      <Filter>Classes\Food</Filter>
    </ClInclude>
    <ClInclude Include="..\Classes\Item\ItemFactory.h">
      <Filter>Classes\Item</Filter>
    </ClInclude>
    <ClInclude Include="..\Classes\Map\BeachMap.h">
      <Filter>Classes\Map</Filter>
    </ClInclude>
    <ClInclude Include="..\Classes\Map\SceneMap.h">
      <Filter>Classes\Map</Filter>
    </ClInclude>
    <ClInclude Include="..\Classes\Behavior\MovementBehavior .h">
      <Filter>Classes\Behavior</Filter>
    </ClInclude>
    <ClInclude Include="..\Classes\Behavior\WanderMovement.h">
      <Filter>Classes\Behavior</Filter>
    </ClInclude>
    <ClInclude Include="..\Classes\Behavior\PatrolMovement.h">
      <Filter>Classes\Behavior</Filter>
    </ClInclude>
    <ClInclude Include="..\Classes\Market\MarketItem.h">
      <Filter>Classes\Market</Filter>
    </ClInclude>
    <ClInclude Include="..\Classes\Market\MarketState.h">
      <Filter>Classes\Market</Filter>
    </ClInclude>
    <ClInclude Include="..\Classes\Item\StoneItem.h">
      <Filter>Classes\Item</Filter>
    </ClInclude>
    <ClInclude Include="..\Classes\Item\CampFire.h">
      <Filter>Classes\Item</Filter>
    </ClInclude>
    <ClInclude Include="..\Classes\Npc\NoticeBoard.h">
      <Filter>Classes\Npc</Filter>
    </ClInclude>
    <ClInclude Include="..\Classes\Map\CaveMap.h">
      <Filter>Classes\Map</Filter>
    </ClInclude>
    <ClInclude Include="..\Classes\Animal\Animal.h">
      <Filter>Classes\Animal</Filter>
    </ClInclude>
    <ClInclude Include="..\Classes\Animal\AnimalManager.h">
      <Filter>Classes\Animal</Filter>
    </ClInclude>
    <ClInclude Include="..\Classes\Animal\Chicken.h">
      <Filter>Classes\Animal</Filter>
    </ClInclude>
    <ClInclude Include="..\Classes\Animal\Cow.h">
      <Filter>Classes\Animal</Filter>
    </ClInclude>
    <ClInclude Include="..\Classes\Animal\Pig.h">
      <Filter>Classes\Animal</Filter>
    </ClInclude>
    <ClInclude Include="..\Classes\Animal\Sheep.h">
      <Filter>Classes\Animal</Filter>
    </ClInclude>
    <ClInclude Include="..\Classes\Crop\CarrotCrop.h">
      <Filter>Classes\Crop</Filter>
    </ClInclude>
    <ClInclude Include="..\Classes\Crop\CornCrop.h">
      <Filter>Classes\Crop</Filter>
    </ClInclude>
    <ClInclude Include="..\Classes\Crop\Crop.h">
      <Filter>Classes\Crop</Filter>
    </ClInclude>
    <ClInclude Include="..\Classes\Crop\CropManager.h">
      <Filter>Classes\Crop</Filter>
    </ClInclude>
    <ClInclude Include="..\Classes\Crop\DogbaneCrop.h">
      <Filter>Classes\Crop</Filter>
    </ClInclude>
    <ClInclude Include="..\Classes\Crop\FarmResourceManager.h">
      <Filter>Classes\Crop</Filter>
    </ClInclude>
    <ClInclude Include="..\Classes\Date\DateManage.h">
      <Filter>Classes\Date</Filter>
    </ClInclude>
    <ClInclude Include="..\Classes\Weather\WeatherManager.h">
      <Filter>Classes\Weather</Filter>
    </ClInclude>
    <ClInclude Include="..\Classes\Save\SaveManage.h">
      <Filter>Classes\Save</Filter>
    </ClInclude>
    <ClInclude Include="..\Classes\Map\ForestMap.h">
      <Filter>Classes\Map</Filter>
    </ClInclude>
  </ItemGroup>
  <ItemGroup>
    <ResourceCompile Include="game.rc">
      <Filter>resource</Filter>
    </ResourceCompile>
  </ItemGroup>
</Project>